
Microsoft Visual Studio Solution File, Format Version 12.00
# Visual Studio Version 16
VisualStudioVersion = 16.0.30225.117
MinimumVisualStudioVersion = 10.0.40219.1
Project("{FAE04EC0-301F-11D3-BF4B-00C04F79EFBC}") = "TacoCatFold", "TacoCatFold\TacoCatFold.csproj", "{0C8EC917-DDC8-48B7-A431-6DB617BE49C7}"
EndProject
Global
	GlobalSection(SolutionConfigurationPlatforms) = preSolution
		Debug|Any CPU = Debug|Any CPU
		Release|Any CPU = Release|Any CPU
	EndGlobalSection
	GlobalSection(ProjectConfigurationPlatforms) = postSolution
		{0C8EC917-DDC8-48B7-A431-6DB617BE49C7}.Debug|Any CPU.ActiveCfg = Debug|Any CPU
		{0C8EC917-DDC8-48B7-A431-6DB617BE49C7}.Debug|Any CPU.Build.0 = Debug|Any CPU
		{0C8EC917-DDC8-48B7-A431-6DB617BE49C7}.Release|Any CPU.ActiveCfg = Release|Any CPU
		{0C8EC917-DDC8-48B7-A431-6DB617BE49C7}.Release|Any CPU.Build.0 = Release|Any CPU
	EndGlobalSection
	GlobalSection(SolutionProperties) = preSolution
		HideSolutionNode = FALSE
	EndGlobalSection
	GlobalSection(ExtensibilityGlobals) = postSolution
		SolutionGuid = {31E517D0-73C7-405E-AE1B-936269E036E7}
	EndGlobalSection
EndGlobal
